<Solution>
  <Folder Name="/backend/">
    <Project Path="backend/HelpDesk.API/HelpDesk.API.csproj" />
    <Project Path="backend/HelpDesk.Application/HelpDesk.Application.csproj" />
    <Project Path="backend/HelpDesk.Domain/HelpDesk.Domain.csproj" />
    <Project Path="backend/HelpDesk.Infrastructure/HelpDesk.Infrastructure.csproj" />
    <Project Path="backend/HelpDesk.Tests/HelpDesk.Tests.csproj" />
  </Folder>
</Solution>
